// !$*UTF8*$!
{
	archiveVersion = 1;
	classes = {
	};
	objectVersion = 56;
	objects = {

/* Begin PBXBuildFile section */
		1662043A298A5D6800FDE166 /* LTSSQResultView.swift in Sources */ = {isa = PBXBuildFile; fileRef = 16620439298A5D6800FDE166 /* LTSSQResultView.swift */; };
		1662043C298A643000FDE166 /* LTDLTResultView.swift in Sources */ = {isa = PBXBuildFile; fileRef = 1662043B298A643000FDE166 /* LTDLTResultView.swift */; };
		1662043E298A683600FDE166 /* LTResultListViewController.swift in Sources */ = {isa = PBXBuildFile; fileRef = 1662043D298A683600FDE166 /* LTResultListViewController.swift */; };
		16620462298B62C600FDE166 /* LTResultDataModel.swift in Sources */ = {isa = PBXBuildFile; fileRef = 16620461298B62C600FDE166 /* LTResultDataModel.swift */; };
		16B4EF8D29964D650058B8CE /* LTResultOperationView.swift in Sources */ = {isa = PBXBuildFile; fileRef = 16B4EF8C29964D650058B8CE /* LTResultOperationView.swift */; };
		16B4EF8F299A3CB80058B8CE /* String+Extension.swift in Sources */ = {isa = PBXBuildFile; fileRef = 16B4EF8E299A3CB80058B8CE /* String+Extension.swift */; };
		16B4EF94299B2BB30058B8CE /* LTDatabaseManager.swift in Sources */ = {isa = PBXBuildFile; fileRef = 16B4EF93299B2BB30058B8CE /* LTDatabaseManager.swift */; };
		16BC1447298B92D5000BA943 /* LTResultItemCell.swift in Sources */ = {isa = PBXBuildFile; fileRef = 16BC1446298B92D5000BA943 /* LTResultItemCell.swift */; };
		16BC146B298BB68E000BA943 /* LTResultListNavBarView.swift in Sources */ = {isa = PBXBuildFile; fileRef = 16BC146A298BB68E000BA943 /* LTResultListNavBarView.swift */; };
		16BC146E298BCBA9000BA943 /* Toast.swift in Sources */ = {isa = PBXBuildFile; fileRef = 16BC146D298BCBA9000BA943 /* Toast.swift */; };
		16BC1470298CA819000BA943 /* LTToolsFolderView.swift in Sources */ = {isa = PBXBuildFile; fileRef = 16BC146F298CA819000BA943 /* LTToolsFolderView.swift */; };
		16BC162129924900000BA943 /* LTFolderItemCell.swift in Sources */ = {isa = PBXBuildFile; fileRef = 16BC162029924900000BA943 /* LTFolderItemCell.swift */; };
		16BC162729933D34000BA943 /* folder_config.plist in Resources */ = {isa = PBXBuildFile; fileRef = 16BC162629933D34000BA943 /* folder_config.plist */; };
		16BC16AA2993727E000BA943 /* LTFolderItemModel.swift in Sources */ = {isa = PBXBuildFile; fileRef = 16BC16A92993727E000BA943 /* LTFolderItemModel.swift */; };
		16BC16AC299372C9000BA943 /* LTFolderViewModel.swift in Sources */ = {isa = PBXBuildFile; fileRef = 16BC16AB299372C9000BA943 /* LTFolderViewModel.swift */; };
		16CC3BDD2984F43C00B881D2 /* AppDelegate.swift in Sources */ = {isa = PBXBuildFile; fileRef = 16CC3BDC2984F43C00B881D2 /* AppDelegate.swift */; };
		16CC3BE42984F43C00B881D2 /* Main.storyboard in Resources */ = {isa = PBXBuildFile; fileRef = 16CC3BE22984F43C00B881D2 /* Main.storyboard */; };
		16CC3BE62984F43E00B881D2 /* Assets.xcassets in Resources */ = {isa = PBXBuildFile; fileRef = 16CC3BE52984F43E00B881D2 /* Assets.xcassets */; };
		16CC3BE92984F43E00B881D2 /* LaunchScreen.storyboard in Resources */ = {isa = PBXBuildFile; fileRef = 16CC3BE72984F43E00B881D2 /* LaunchScreen.storyboard */; };
		16CC3C552984F9F700B881D2 /* LTMainViewController.swift in Sources */ = {isa = PBXBuildFile; fileRef = 16CC3C542984F9F700B881D2 /* LTMainViewController.swift */; };
		16CC3C592984FADB00B881D2 /* LTHomeViewController.swift in Sources */ = {isa = PBXBuildFile; fileRef = 16CC3C582984FADB00B881D2 /* LTHomeViewController.swift */; };
		16CC3C8A298523FE00B881D2 /* ConstraintMultiplierTarget.swift in Sources */ = {isa = PBXBuildFile; fileRef = 16CC3C65298523FE00B881D2 /* ConstraintMultiplierTarget.swift */; };
		16CC3C8B298523FE00B881D2 /* LayoutConstraintItem.swift in Sources */ = {isa = PBXBuildFile; fileRef = 16CC3C66298523FE00B881D2 /* LayoutConstraintItem.swift */; };
		16CC3C8C298523FE00B881D2 /* ConstraintMakerPrioritizable.swift in Sources */ = {isa = PBXBuildFile; fileRef = 16CC3C67298523FE00B881D2 /* ConstraintMakerPrioritizable.swift */; };
		16CC3C8D298523FE00B881D2 /* ConstraintDescription.swift in Sources */ = {isa = PBXBuildFile; fileRef = 16CC3C68298523FE00B881D2 /* ConstraintDescription.swift */; };
		16CC3C8E298523FE00B881D2 /* ConstraintAttributes.swift in Sources */ = {isa = PBXBuildFile; fileRef = 16CC3C69298523FE00B881D2 /* ConstraintAttributes.swift */; };
		16CC3C8F298523FE00B881D2 /* ConstraintViewDSL.swift in Sources */ = {isa = PBXBuildFile; fileRef = 16CC3C6A298523FE00B881D2 /* ConstraintViewDSL.swift */; };
		16CC3C90298523FE00B881D2 /* ConstraintPriorityTarget.swift in Sources */ = {isa = PBXBuildFile; fileRef = 16CC3C6B298523FE00B881D2 /* ConstraintPriorityTarget.swift */; };
		16CC3C91298523FE00B881D2 /* ConstraintInsets.swift in Sources */ = {isa = PBXBuildFile; fileRef = 16CC3C6C298523FE00B881D2 /* ConstraintInsets.swift */; };
		16CC3C92298523FE00B881D2 /* ConstraintMakerFinalizable.swift in Sources */ = {isa = PBXBuildFile; fileRef = 16CC3C6D298523FE00B881D2 /* ConstraintMakerFinalizable.swift */; };
		16CC3C93298523FE00B881D2 /* ConstraintDSL.swift in Sources */ = {isa = PBXBuildFile; fileRef = 16CC3C6E298523FE00B881D2 /* ConstraintDSL.swift */; };
		16CC3C94298523FE00B881D2 /* ConstraintMakerExtendable.swift in Sources */ = {isa = PBXBuildFile; fileRef = 16CC3C6F298523FE00B881D2 /* ConstraintMakerExtendable.swift */; };
		16CC3C95298523FE00B881D2 /* ConstraintPriority.swift in Sources */ = {isa = PBXBuildFile; fileRef = 16CC3C70298523FE00B881D2 /* ConstraintPriority.swift */; };
		16CC3C96298523FE00B881D2 /* ConstraintInsetTarget.swift in Sources */ = {isa = PBXBuildFile; fileRef = 16CC3C71298523FE00B881D2 /* ConstraintInsetTarget.swift */; };
		16CC3C97298523FE00B881D2 /* ConstraintDirectionalInsetTarget.swift in Sources */ = {isa = PBXBuildFile; fileRef = 16CC3C72298523FE00B881D2 /* ConstraintDirectionalInsetTarget.swift */; };
		16CC3C98298523FE00B881D2 /* ConstraintMakerRelatable+Extensions.swift in Sources */ = {isa = PBXBuildFile; fileRef = 16CC3C73298523FE00B881D2 /* ConstraintMakerRelatable+Extensions.swift */; };
		16CC3C99298523FE00B881D2 /* ConstraintConfig.swift in Sources */ = {isa = PBXBuildFile; fileRef = 16CC3C74298523FE00B881D2 /* ConstraintConfig.swift */; };
		16CC3C9A298523FE00B881D2 /* UILayoutSupport+Extensions.swift in Sources */ = {isa = PBXBuildFile; fileRef = 16CC3C75298523FE00B881D2 /* UILayoutSupport+Extensions.swift */; };
		16CC3C9B298523FE00B881D2 /* ConstraintView.swift in Sources */ = {isa = PBXBuildFile; fileRef = 16CC3C76298523FE00B881D2 /* ConstraintView.swift */; };
		16CC3C9C298523FE00B881D2 /* ConstraintLayoutGuide.swift in Sources */ = {isa = PBXBuildFile; fileRef = 16CC3C77298523FE00B881D2 /* ConstraintLayoutGuide.swift */; };
		16CC3C9D298523FE00B881D2 /* ConstraintLayoutSupport.swift in Sources */ = {isa = PBXBuildFile; fileRef = 16CC3C78298523FE00B881D2 /* ConstraintLayoutSupport.swift */; };
		16CC3C9E298523FE00B881D2 /* Typealiases.swift in Sources */ = {isa = PBXBuildFile; fileRef = 16CC3C79298523FE00B881D2 /* Typealiases.swift */; };
		16CC3C9F298523FE00B881D2 /* ConstraintConstantTarget.swift in Sources */ = {isa = PBXBuildFile; fileRef = 16CC3C7A298523FE00B881D2 /* ConstraintConstantTarget.swift */; };
		16CC3CA0298523FF00B881D2 /* ConstraintOffsetTarget.swift in Sources */ = {isa = PBXBuildFile; fileRef = 16CC3C7B298523FE00B881D2 /* ConstraintOffsetTarget.swift */; };
		16CC3CA1298523FF00B881D2 /* ConstraintMakerEditable.swift in Sources */ = {isa = PBXBuildFile; fileRef = 16CC3C7C298523FE00B881D2 /* ConstraintMakerEditable.swift */; };
		16CC3CA2298523FF00B881D2 /* ConstraintMaker.swift in Sources */ = {isa = PBXBuildFile; fileRef = 16CC3C7D298523FE00B881D2 /* ConstraintMaker.swift */; };
		16CC3CA3298523FF00B881D2 /* ConstraintRelation.swift in Sources */ = {isa = PBXBuildFile; fileRef = 16CC3C7E298523FE00B881D2 /* ConstraintRelation.swift */; };
		16CC3CA4298523FF00B881D2 /* ConstraintLayoutGuideDSL.swift in Sources */ = {isa = PBXBuildFile; fileRef = 16CC3C7F298523FE00B881D2 /* ConstraintLayoutGuideDSL.swift */; };
		16CC3CA5298523FF00B881D2 /* ConstraintView+Extensions.swift in Sources */ = {isa = PBXBuildFile; fileRef = 16CC3C80298523FE00B881D2 /* ConstraintView+Extensions.swift */; };
		16CC3CA6298523FF00B881D2 /* ConstraintItem.swift in Sources */ = {isa = PBXBuildFile; fileRef = 16CC3C81298523FE00B881D2 /* ConstraintItem.swift */; };
		16CC3CA7298523FF00B881D2 /* Constraint.swift in Sources */ = {isa = PBXBuildFile; fileRef = 16CC3C82298523FE00B881D2 /* Constraint.swift */; };
		16CC3CA8298523FF00B881D2 /* Debugging.swift in Sources */ = {isa = PBXBuildFile; fileRef = 16CC3C83298523FE00B881D2 /* Debugging.swift */; };
		16CC3CA9298523FF00B881D2 /* ConstraintRelatableTarget.swift in Sources */ = {isa = PBXBuildFile; fileRef = 16CC3C84298523FE00B881D2 /* ConstraintRelatableTarget.swift */; };
		16CC3CAA298523FF00B881D2 /* LayoutConstraint.swift in Sources */ = {isa = PBXBuildFile; fileRef = 16CC3C85298523FE00B881D2 /* LayoutConstraint.swift */; };
		16CC3CAB298523FF00B881D2 /* ConstraintLayoutGuide+Extensions.swift in Sources */ = {isa = PBXBuildFile; fileRef = 16CC3C86298523FE00B881D2 /* ConstraintLayoutGuide+Extensions.swift */; };
		16CC3CAC298523FF00B881D2 /* ConstraintDirectionalInsets.swift in Sources */ = {isa = PBXBuildFile; fileRef = 16CC3C87298523FE00B881D2 /* ConstraintDirectionalInsets.swift */; };
		16CC3CAD298523FF00B881D2 /* ConstraintLayoutSupportDSL.swift in Sources */ = {isa = PBXBuildFile; fileRef = 16CC3C88298523FE00B881D2 /* ConstraintLayoutSupportDSL.swift */; };
		16CC3CAE298523FF00B881D2 /* ConstraintMakerRelatable.swift in Sources */ = {isa = PBXBuildFile; fileRef = 16CC3C89298523FE00B881D2 /* ConstraintMakerRelatable.swift */; };
		16CC3CD2298535DD00B881D2 /* LTHomeBottomTabView.swift in Sources */ = {isa = PBXBuildFile; fileRef = 16CC3CD1298535DD00B881D2 /* LTHomeBottomTabView.swift */; };
		16CC3CD62986191A00B881D2 /* CMGradientView.swift in Sources */ = {isa = PBXBuildFile; fileRef = 16CC3CD52986191A00B881D2 /* CMGradientView.swift */; };
		16CC3CDB298654C800B881D2 /* UIColor+Extension.swift in Sources */ = {isa = PBXBuildFile; fileRef = 16CC3CDA298654C800B881D2 /* UIColor+Extension.swift */; };
		16CC3CFF29867E2900B881D2 /* LTHomeNavBarView.swift in Sources */ = {isa = PBXBuildFile; fileRef = 16CC3CFE29867E2900B881D2 /* LTHomeNavBarView.swift */; };
		16CC3D012988A7E900B881D2 /* CMConst.swift in Sources */ = {isa = PBXBuildFile; fileRef = 16CC3D002988A7E900B881D2 /* CMConst.swift */; };
		16FDB4C92989153B00BFAD9D /* LTDataSourceViewModel.swift in Sources */ = {isa = PBXBuildFile; fileRef = 16FDB4C82989153B00BFAD9D /* LTDataSourceViewModel.swift */; };
/* End PBXBuildFile section */

/* Begin PBXFileReference section */
		16620439298A5D6800FDE166 /* LTSSQResultView.swift */ = {isa = PBXFileReference; lastKnownFileType = sourcecode.swift; path = LTSSQResultView.swift; sourceTree = "<group>"; };
		1662043B298A643000FDE166 /* LTDLTResultView.swift */ = {isa = PBXFileReference; lastKnownFileType = sourcecode.swift; path = LTDLTResultView.swift; sourceTree = "<group>"; };
		1662043D298A683600FDE166 /* LTResultListViewController.swift */ = {isa = PBXFileReference; lastKnownFileType = sourcecode.swift; path = LTResultListViewController.swift; sourceTree = "<group>"; };
		16620461298B62C600FDE166 /* LTResultDataModel.swift */ = {isa = PBXFileReference; lastKnownFileType = sourcecode.swift; path = LTResultDataModel.swift; sourceTree = "<group>"; };
		16B4EF8C29964D650058B8CE /* LTResultOperationView.swift */ = {isa = PBXFileReference; lastKnownFileType = sourcecode.swift; path = LTResultOperationView.swift; sourceTree = "<group>"; };
		16B4EF8E299A3CB80058B8CE /* String+Extension.swift */ = {isa = PBXFileReference; lastKnownFileType = sourcecode.swift; path = "String+Extension.swift"; sourceTree = "<group>"; };
		16B4EF93299B2BB30058B8CE /* LTDatabaseManager.swift */ = {isa = PBXFileReference; lastKnownFileType = sourcecode.swift; path = LTDatabaseManager.swift; sourceTree = "<group>"; };
		16BC1446298B92D5000BA943 /* LTResultItemCell.swift */ = {isa = PBXFileReference; lastKnownFileType = sourcecode.swift; path = LTResultItemCell.swift; sourceTree = "<group>"; };
		16BC146A298BB68E000BA943 /* LTResultListNavBarView.swift */ = {isa = PBXFileReference; lastKnownFileType = sourcecode.swift; path = LTResultListNavBarView.swift; sourceTree = "<group>"; };
		16BC146D298BCBA9000BA943 /* Toast.swift */ = {isa = PBXFileReference; fileEncoding = 4; lastKnownFileType = sourcecode.swift; path = Toast.swift; sourceTree = "<group>"; };
		16BC146F298CA819000BA943 /* LTToolsFolderView.swift */ = {isa = PBXFileReference; lastKnownFileType = sourcecode.swift; path = LTToolsFolderView.swift; sourceTree = "<group>"; };
		16BC162029924900000BA943 /* LTFolderItemCell.swift */ = {isa = PBXFileReference; lastKnownFileType = sourcecode.swift; path = LTFolderItemCell.swift; sourceTree = "<group>"; };
		16BC162629933D34000BA943 /* folder_config.plist */ = {isa = PBXFileReference; lastKnownFileType = text.plist.xml; path = folder_config.plist; sourceTree = "<group>"; };
		16BC16A92993727E000BA943 /* LTFolderItemModel.swift */ = {isa = PBXFileReference; lastKnownFileType = sourcecode.swift; path = LTFolderItemModel.swift; sourceTree = "<group>"; };
		16BC16AB299372C9000BA943 /* LTFolderViewModel.swift */ = {isa = PBXFileReference; lastKnownFileType = sourcecode.swift; path = LTFolderViewModel.swift; sourceTree = "<group>"; };
		16CC3BD92984F43C00B881D2 /* LotteryTicket.app */ = {isa = PBXFileReference; explicitFileType = wrapper.application; includeInIndex = 0; path = LotteryTicket.app; sourceTree = BUILT_PRODUCTS_DIR; };
		16CC3BDC2984F43C00B881D2 /* AppDelegate.swift */ = {isa = PBXFileReference; lastKnownFileType = sourcecode.swift; path = AppDelegate.swift; sourceTree = "<group>"; };
		16CC3BE32984F43C00B881D2 /* Base */ = {isa = PBXFileReference; lastKnownFileType = file.storyboard; name = Base; path = Base.lproj/Main.storyboard; sourceTree = "<group>"; };
		16CC3BE52984F43E00B881D2 /* Assets.xcassets */ = {isa = PBXFileReference; lastKnownFileType = folder.assetcatalog; path = Assets.xcassets; sourceTree = "<group>"; };
		16CC3BE82984F43E00B881D2 /* Base */ = {isa = PBXFileReference; lastKnownFileType = file.storyboard; name = Base; path = Base.lproj/LaunchScreen.storyboard; sourceTree = "<group>"; };
		16CC3BEA2984F43E00B881D2 /* Info.plist */ = {isa = PBXFileReference; lastKnownFileType = text.plist.xml; path = Info.plist; sourceTree = "<group>"; };
		16CC3C542984F9F700B881D2 /* LTMainViewController.swift */ = {isa = PBXFileReference; lastKnownFileType = sourcecode.swift; path = LTMainViewController.swift; sourceTree = "<group>"; };
		16CC3C582984FADB00B881D2 /* LTHomeViewController.swift */ = {isa = PBXFileReference; lastKnownFileType = sourcecode.swift; path = LTHomeViewController.swift; sourceTree = "<group>"; };
		16CC3C65298523FE00B881D2 /* ConstraintMultiplierTarget.swift */ = {isa = PBXFileReference; fileEncoding = 4; lastKnownFileType = sourcecode.swift; path = ConstraintMultiplierTarget.swift; sourceTree = "<group>"; };
		16CC3C66298523FE00B881D2 /* LayoutConstraintItem.swift */ = {isa = PBXFileReference; fileEncoding = 4; lastKnownFileType = sourcecode.swift; path = LayoutConstraintItem.swift; sourceTree = "<group>"; };
		16CC3C67298523FE00B881D2 /* ConstraintMakerPrioritizable.swift */ = {isa = PBXFileReference; fileEncoding = 4; lastKnownFileType = sourcecode.swift; path = ConstraintMakerPrioritizable.swift; sourceTree = "<group>"; };
		16CC3C68298523FE00B881D2 /* ConstraintDescription.swift */ = {isa = PBXFileReference; fileEncoding = 4; lastKnownFileType = sourcecode.swift; path = ConstraintDescription.swift; sourceTree = "<group>"; };
		16CC3C69298523FE00B881D2 /* ConstraintAttributes.swift */ = {isa = PBXFileReference; fileEncoding = 4; lastKnownFileType = sourcecode.swift; path = ConstraintAttributes.swift; sourceTree = "<group>"; };
		16CC3C6A298523FE00B881D2 /* ConstraintViewDSL.swift */ = {isa = PBXFileReference; fileEncoding = 4; lastKnownFileType = sourcecode.swift; path = ConstraintViewDSL.swift; sourceTree = "<group>"; };
		16CC3C6B298523FE00B881D2 /* ConstraintPriorityTarget.swift */ = {isa = PBXFileReference; fileEncoding = 4; lastKnownFileType = sourcecode.swift; path = ConstraintPriorityTarget.swift; sourceTree = "<group>"; };
		16CC3C6C298523FE00B881D2 /* ConstraintInsets.swift */ = {isa = PBXFileReference; fileEncoding = 4; lastKnownFileType = sourcecode.swift; path = ConstraintInsets.swift; sourceTree = "<group>"; };
		16CC3C6D298523FE00B881D2 /* ConstraintMakerFinalizable.swift */ = {isa = PBXFileReference; fileEncoding = 4; lastKnownFileType = sourcecode.swift; path = ConstraintMakerFinalizable.swift; sourceTree = "<group>"; };
		16CC3C6E298523FE00B881D2 /* ConstraintDSL.swift */ = {isa = PBXFileReference; fileEncoding = 4; lastKnownFileType = sourcecode.swift; path = ConstraintDSL.swift; sourceTree = "<group>"; };
		16CC3C6F298523FE00B881D2 /* ConstraintMakerExtendable.swift */ = {isa = PBXFileReference; fileEncoding = 4; lastKnownFileType = sourcecode.swift; path = ConstraintMakerExtendable.swift; sourceTree = "<group>"; };
		16CC3C70298523FE00B881D2 /* ConstraintPriority.swift */ = {isa = PBXFileReference; fileEncoding = 4; lastKnownFileType = sourcecode.swift; path = ConstraintPriority.swift; sourceTree = "<group>"; };
		16CC3C71298523FE00B881D2 /* ConstraintInsetTarget.swift */ = {isa = PBXFileReference; fileEncoding = 4; lastKnownFileType = sourcecode.swift; path = ConstraintInsetTarget.swift; sourceTree = "<group>"; };
		16CC3C72298523FE00B881D2 /* ConstraintDirectionalInsetTarget.swift */ = {isa = PBXFileReference; fileEncoding = 4; lastKnownFileType = sourcecode.swift; path = ConstraintDirectionalInsetTarget.swift; sourceTree = "<group>"; };
		16CC3C73298523FE00B881D2 /* ConstraintMakerRelatable+Extensions.swift */ = {isa = PBXFileReference; fileEncoding = 4; lastKnownFileType = sourcecode.swift; path = "ConstraintMakerRelatable+Extensions.swift"; sourceTree = "<group>"; };
		16CC3C74298523FE00B881D2 /* ConstraintConfig.swift */ = {isa = PBXFileReference; fileEncoding = 4; lastKnownFileType = sourcecode.swift; path = ConstraintConfig.swift; sourceTree = "<group>"; };
		16CC3C75298523FE00B881D2 /* UILayoutSupport+Extensions.swift */ = {isa = PBXFileReference; fileEncoding = 4; lastKnownFileType = sourcecode.swift; path = "UILayoutSupport+Extensions.swift"; sourceTree = "<group>"; };
		16CC3C76298523FE00B881D2 /* ConstraintView.swift */ = {isa = PBXFileReference; fileEncoding = 4; lastKnownFileType = sourcecode.swift; path = ConstraintView.swift; sourceTree = "<group>"; };
		16CC3C77298523FE00B881D2 /* ConstraintLayoutGuide.swift */ = {isa = PBXFileReference; fileEncoding = 4; lastKnownFileType = sourcecode.swift; path = ConstraintLayoutGuide.swift; sourceTree = "<group>"; };
		16CC3C78298523FE00B881D2 /* ConstraintLayoutSupport.swift */ = {isa = PBXFileReference; fileEncoding = 4; lastKnownFileType = sourcecode.swift; path = ConstraintLayoutSupport.swift; sourceTree = "<group>"; };
		16CC3C79298523FE00B881D2 /* Typealiases.swift */ = {isa = PBXFileReference; fileEncoding = 4; lastKnownFileType = sourcecode.swift; path = Typealiases.swift; sourceTree = "<group>"; };
		16CC3C7A298523FE00B881D2 /* ConstraintConstantTarget.swift */ = {isa = PBXFileReference; fileEncoding = 4; lastKnownFileType = sourcecode.swift; path = ConstraintConstantTarget.swift; sourceTree = "<group>"; };
		16CC3C7B298523FE00B881D2 /* ConstraintOffsetTarget.swift */ = {isa = PBXFileReference; fileEncoding = 4; lastKnownFileType = sourcecode.swift; path = ConstraintOffsetTarget.swift; sourceTree = "<group>"; };
		16CC3C7C298523FE00B881D2 /* ConstraintMakerEditable.swift */ = {isa = PBXFileReference; fileEncoding = 4; lastKnownFileType = sourcecode.swift; path = ConstraintMakerEditable.swift; sourceTree = "<group>"; };
		16CC3C7D298523FE00B881D2 /* ConstraintMaker.swift */ = {isa = PBXFileReference; fileEncoding = 4; lastKnownFileType = sourcecode.swift; path = ConstraintMaker.swift; sourceTree = "<group>"; };
		16CC3C7E298523FE00B881D2 /* ConstraintRelation.swift */ = {isa = PBXFileReference; fileEncoding = 4; lastKnownFileType = sourcecode.swift; path = ConstraintRelation.swift; sourceTree = "<group>"; };
		16CC3C7F298523FE00B881D2 /* ConstraintLayoutGuideDSL.swift */ = {isa = PBXFileReference; fileEncoding = 4; lastKnownFileType = sourcecode.swift; path = ConstraintLayoutGuideDSL.swift; sourceTree = "<group>"; };
		16CC3C80298523FE00B881D2 /* ConstraintView+Extensions.swift */ = {isa = PBXFileReference; fileEncoding = 4; lastKnownFileType = sourcecode.swift; path = "ConstraintView+Extensions.swift"; sourceTree = "<group>"; };
		16CC3C81298523FE00B881D2 /* ConstraintItem.swift */ = {isa = PBXFileReference; fileEncoding = 4; lastKnownFileType = sourcecode.swift; path = ConstraintItem.swift; sourceTree = "<group>"; };
		16CC3C82298523FE00B881D2 /* Constraint.swift */ = {isa = PBXFileReference; fileEncoding = 4; lastKnownFileType = sourcecode.swift; path = Constraint.swift; sourceTree = "<group>"; };
		16CC3C83298523FE00B881D2 /* Debugging.swift */ = {isa = PBXFileReference; fileEncoding = 4; lastKnownFileType = sourcecode.swift; path = Debugging.swift; sourceTree = "<group>"; };
		16CC3C84298523FE00B881D2 /* ConstraintRelatableTarget.swift */ = {isa = PBXFileReference; fileEncoding = 4; lastKnownFileType = sourcecode.swift; path = ConstraintRelatableTarget.swift; sourceTree = "<group>"; };
		16CC3C85298523FE00B881D2 /* LayoutConstraint.swift */ = {isa = PBXFileReference; fileEncoding = 4; lastKnownFileType = sourcecode.swift; path = LayoutConstraint.swift; sourceTree = "<group>"; };
		16CC3C86298523FE00B881D2 /* ConstraintLayoutGuide+Extensions.swift */ = {isa = PBXFileReference; fileEncoding = 4; lastKnownFileType = sourcecode.swift; path = "ConstraintLayoutGuide+Extensions.swift"; sourceTree = "<group>"; };
		16CC3C87298523FE00B881D2 /* ConstraintDirectionalInsets.swift */ = {isa = PBXFileReference; fileEncoding = 4; lastKnownFileType = sourcecode.swift; path = ConstraintDirectionalInsets.swift; sourceTree = "<group>"; };
		16CC3C88298523FE00B881D2 /* ConstraintLayoutSupportDSL.swift */ = {isa = PBXFileReference; fileEncoding = 4; lastKnownFileType = sourcecode.swift; path = ConstraintLayoutSupportDSL.swift; sourceTree = "<group>"; };
		16CC3C89298523FE00B881D2 /* ConstraintMakerRelatable.swift */ = {isa = PBXFileReference; fileEncoding = 4; lastKnownFileType = sourcecode.swift; path = ConstraintMakerRelatable.swift; sourceTree = "<group>"; };
		16CC3CD1298535DD00B881D2 /* LTHomeBottomTabView.swift */ = {isa = PBXFileReference; lastKnownFileType = sourcecode.swift; path = LTHomeBottomTabView.swift; sourceTree = "<group>"; };
		16CC3CD52986191A00B881D2 /* CMGradientView.swift */ = {isa = PBXFileReference; lastKnownFileType = sourcecode.swift; path = CMGradientView.swift; sourceTree = "<group>"; };
		16CC3CDA298654C800B881D2 /* UIColor+Extension.swift */ = {isa = PBXFileReference; lastKnownFileType = sourcecode.swift; path = "UIColor+Extension.swift"; sourceTree = "<group>"; };
		16CC3CFE29867E2900B881D2 /* LTHomeNavBarView.swift */ = {isa = PBXFileReference; lastKnownFileType = sourcecode.swift; path = LTHomeNavBarView.swift; sourceTree = "<group>"; };
		16CC3D002988A7E900B881D2 /* CMConst.swift */ = {isa = PBXFileReference; lastKnownFileType = sourcecode.swift; path = CMConst.swift; sourceTree = "<group>"; };
		16FDB4C82989153B00BFAD9D /* LTDataSourceViewModel.swift */ = {isa = PBXFileReference; lastKnownFileType = sourcecode.swift; path = LTDataSourceViewModel.swift; sourceTree = "<group>"; };
/* End PBXFileReference section */

/* Begin PBXFrameworksBuildPhase section */
		16CC3BD62984F43C00B881D2 /* Frameworks */ = {
			isa = PBXFrameworksBuildPhase;
			buildActionMask = 2147483647;
			files = (
			);
			runOnlyForDeploymentPostprocessing = 0;
		};
/* End PBXFrameworksBuildPhase section */

/* Begin PBXGroup section */
		16B4EF8B29964D1E0058B8CE /* LTResultOperationView */ = {
			isa = PBXGroup;
			children = (
				16B4EF8C29964D650058B8CE /* LTResultOperationView.swift */,
			);
			path = LTResultOperationView;
			sourceTree = "<group>";
		};
		16B4EF92299B2B970058B8CE /* Manager */ = {
			isa = PBXGroup;
			children = (
				16B4EF93299B2BB30058B8CE /* LTDatabaseManager.swift */,
			);
			path = Manager;
			sourceTree = "<group>";
		};
		16BC146C298BCBA9000BA943 /* Toast */ = {
			isa = PBXGroup;
			children = (
				16BC146D298BCBA9000BA943 /* Toast.swift */,
			);
			path = Toast;
			sourceTree = "<group>";
		};
		16BC161F299248CE000BA943 /* LTToolsFolderView */ = {
			isa = PBXGroup;
			children = (
				16BC146F298CA819000BA943 /* LTToolsFolderView.swift */,
				16BC162029924900000BA943 /* LTFolderItemCell.swift */,
			);
			path = LTToolsFolderView;
			sourceTree = "<group>";
		};
		16CC3BD02984F43C00B881D2 = {
			isa = PBXGroup;
			children = (
				16CC3BDB2984F43C00B881D2 /* LotteryTicket */,
				16CC3BDA2984F43C00B881D2 /* Products */,
			);
			sourceTree = "<group>";
		};
		16CC3BDA2984F43C00B881D2 /* Products */ = {
			isa = PBXGroup;
			children = (
				16CC3BD92984F43C00B881D2 /* LotteryTicket.app */,
			);
			name = Products;
			sourceTree = "<group>";
		};
		16CC3BDB2984F43C00B881D2 /* LotteryTicket */ = {
			isa = PBXGroup;
			children = (
				16CC3C4F2984F72C00B881D2 /* Modules */,
				16CC3BDC2984F43C00B881D2 /* AppDelegate.swift */,
				16CC3BE22984F43C00B881D2 /* Main.storyboard */,
				16CC3BE52984F43E00B881D2 /* Assets.xcassets */,
				16CC3BE72984F43E00B881D2 /* LaunchScreen.storyboard */,
				16CC3BEA2984F43E00B881D2 /* Info.plist */,
				16BC162629933D34000BA943 /* folder_config.plist */,
			);
			path = LotteryTicket;
			sourceTree = "<group>";
		};
		16CC3C4F2984F72C00B881D2 /* Modules */ = {
			isa = PBXGroup;
			children = (
				16B4EF92299B2B970058B8CE /* Manager */,
				16CC3CD72986548700B881D2 /* Extensions */,
				16CC3CD3298618E500B881D2 /* Common */,
				16CC3C62298523E600B881D2 /* ThirdSDK */,
				16CC3C532984F9CC00B881D2 /* ViewModel */,
				16CC3C522984F9C700B881D2 /* Model */,
				16CC3C512984F9C000B881D2 /* View */,
				16CC3C502984F9A600B881D2 /* Controller */,
			);
			path = Modules;
			sourceTree = "<group>";
		};
		16CC3C502984F9A600B881D2 /* Controller */ = {
			isa = PBXGroup;
			children = (
				16CC3C542984F9F700B881D2 /* LTMainViewController.swift */,
				16CC3C582984FADB00B881D2 /* LTHomeViewController.swift */,
				1662043D298A683600FDE166 /* LTResultListViewController.swift */,
			);
			path = Controller;
			sourceTree = "<group>";
		};
		16CC3C512984F9C000B881D2 /* View */ = {
			isa = PBXGroup;
			children = (
				16B4EF8B29964D1E0058B8CE /* LTResultOperationView */,
				16BC161F299248CE000BA943 /* LTToolsFolderView */,
				16CC3CD1298535DD00B881D2 /* LTHomeBottomTabView.swift */,
				16CC3CFE29867E2900B881D2 /* LTHomeNavBarView.swift */,
				16620439298A5D6800FDE166 /* LTSSQResultView.swift */,
				1662043B298A643000FDE166 /* LTDLTResultView.swift */,
				16BC1446298B92D5000BA943 /* LTResultItemCell.swift */,
				16BC146A298BB68E000BA943 /* LTResultListNavBarView.swift */,
			);
			path = View;
			sourceTree = "<group>";
		};
		16CC3C522984F9C700B881D2 /* Model */ = {
			isa = PBXGroup;
			children = (
				16620461298B62C600FDE166 /* LTResultDataModel.swift */,
				16BC16A92993727E000BA943 /* LTFolderItemModel.swift */,
			);
			path = Model;
			sourceTree = "<group>";
		};
		16CC3C532984F9CC00B881D2 /* ViewModel */ = {
			isa = PBXGroup;
			children = (
				16FDB4C82989153B00BFAD9D /* LTDataSourceViewModel.swift */,
				16BC16AB299372C9000BA943 /* LTFolderViewModel.swift */,
			);
			path = ViewModel;
			sourceTree = "<group>";
		};
		16CC3C62298523E600B881D2 /* ThirdSDK */ = {
			isa = PBXGroup;
			children = (
				16BC146C298BCBA9000BA943 /* Toast */,
				16CC3C63298523EE00B881D2 /* SnapKit */,
			);
			path = ThirdSDK;
			sourceTree = "<group>";
		};
		16CC3C63298523EE00B881D2 /* SnapKit */ = {
			isa = PBXGroup;
			children = (
				16CC3C64298523FE00B881D2 /* Sources */,
			);
			path = SnapKit;
			sourceTree = "<group>";
		};
		16CC3C64298523FE00B881D2 /* Sources */ = {
			isa = PBXGroup;
			children = (
				16CC3C65298523FE00B881D2 /* ConstraintMultiplierTarget.swift */,
				16CC3C66298523FE00B881D2 /* LayoutConstraintItem.swift */,
				16CC3C67298523FE00B881D2 /* ConstraintMakerPrioritizable.swift */,
				16CC3C68298523FE00B881D2 /* ConstraintDescription.swift */,
				16CC3C69298523FE00B881D2 /* ConstraintAttributes.swift */,
				16CC3C6A298523FE00B881D2 /* ConstraintViewDSL.swift */,
				16CC3C6B298523FE00B881D2 /* ConstraintPriorityTarget.swift */,
				16CC3C6C298523FE00B881D2 /* ConstraintInsets.swift */,
				16CC3C6D298523FE00B881D2 /* ConstraintMakerFinalizable.swift */,
				16CC3C6E298523FE00B881D2 /* ConstraintDSL.swift */,
				16CC3C6F298523FE00B881D2 /* ConstraintMakerExtendable.swift */,
				16CC3C70298523FE00B881D2 /* ConstraintPriority.swift */,
				16CC3C71298523FE00B881D2 /* ConstraintInsetTarget.swift */,
				16CC3C72298523FE00B881D2 /* ConstraintDirectionalInsetTarget.swift */,
				16CC3C73298523FE00B881D2 /* ConstraintMakerRelatable+Extensions.swift */,
				16CC3C74298523FE00B881D2 /* ConstraintConfig.swift */,
				16CC3C75298523FE00B881D2 /* UILayoutSupport+Extensions.swift */,
				16CC3C76298523FE00B881D2 /* ConstraintView.swift */,
				16CC3C77298523FE00B881D2 /* ConstraintLayoutGuide.swift */,
				16CC3C78298523FE00B881D2 /* ConstraintLayoutSupport.swift */,
				16CC3C79298523FE00B881D2 /* Typealiases.swift */,
				16CC3C7A298523FE00B881D2 /* ConstraintConstantTarget.swift */,
				16CC3C7B298523FE00B881D2 /* ConstraintOffsetTarget.swift */,
				16CC3C7C298523FE00B881D2 /* ConstraintMakerEditable.swift */,
				16CC3C7D298523FE00B881D2 /* ConstraintMaker.swift */,
				16CC3C7E298523FE00B881D2 /* ConstraintRelation.swift */,
				16CC3C7F298523FE00B881D2 /* ConstraintLayoutGuideDSL.swift */,
				16CC3C80298523FE00B881D2 /* ConstraintView+Extensions.swift */,
				16CC3C81298523FE00B881D2 /* ConstraintItem.swift */,
				16CC3C82298523FE00B881D2 /* Constraint.swift */,
				16CC3C83298523FE00B881D2 /* Debugging.swift */,
				16CC3C84298523FE00B881D2 /* ConstraintRelatableTarget.swift */,
				16CC3C85298523FE00B881D2 /* LayoutConstraint.swift */,
				16CC3C86298523FE00B881D2 /* ConstraintLayoutGuide+Extensions.swift */,
				16CC3C87298523FE00B881D2 /* ConstraintDirectionalInsets.swift */,
				16CC3C88298523FE00B881D2 /* ConstraintLayoutSupportDSL.swift */,
				16CC3C89298523FE00B881D2 /* ConstraintMakerRelatable.swift */,
			);
			path = Sources;
			sourceTree = "<group>";
		};
		16CC3CD3298618E500B881D2 /* Common */ = {
			isa = PBXGroup;
			children = (
				16CC3CD4298618EE00B881D2 /* View */,
				16CC3D002988A7E900B881D2 /* CMConst.swift */,
			);
			path = Common;
			sourceTree = "<group>";
		};
		16CC3CD4298618EE00B881D2 /* View */ = {
			isa = PBXGroup;
			children = (
				16CC3CD52986191A00B881D2 /* CMGradientView.swift */,
			);
			path = View;
			sourceTree = "<group>";
		};
		16CC3CD72986548700B881D2 /* Extensions */ = {
			isa = PBXGroup;
			children = (
				16CC3CDA298654C800B881D2 /* UIColor+Extension.swift */,
				16B4EF8E299A3CB80058B8CE /* String+Extension.swift */,
			);
			path = Extensions;
			sourceTree = "<group>";
		};
/* End PBXGroup section */

/* Begin PBXNativeTarget section */
		16CC3BD82984F43C00B881D2 /* LotteryTicket */ = {
			isa = PBXNativeTarget;
			buildConfigurationList = 16CC3BED2984F43E00B881D2 /* Build configuration list for PBXNativeTarget "LotteryTicket" */;
			buildPhases = (
				16CC3BD52984F43C00B881D2 /* Sources */,
				16CC3BD62984F43C00B881D2 /* Frameworks */,
				16CC3BD72984F43C00B881D2 /* Resources */,
			);
			buildRules = (
			);
			dependencies = (
			);
			name = LotteryTicket;
			productName = LotteryTicket;
			productReference = 16CC3BD92984F43C00B881D2 /* LotteryTicket.app */;
			productType = "com.apple.product-type.application";
		};
/* End PBXNativeTarget section */

/* Begin PBXProject section */
		16CC3BD12984F43C00B881D2 /* Project object */ = {
			isa = PBXProject;
			attributes = {
				BuildIndependentTargetsInParallel = 1;
				LastSwiftUpdateCheck = 1420;
				LastUpgradeCheck = 1420;
				TargetAttributes = {
					16CC3BD82984F43C00B881D2 = {
						CreatedOnToolsVersion = 14.2;
					};
				};
			};
			buildConfigurationList = 16CC3BD42984F43C00B881D2 /* Build configuration list for PBXProject "LotteryTicket" */;
			compatibilityVersion = "Xcode 14.0";
			developmentRegion = en;
			hasScannedForEncodings = 0;
			knownRegions = (
				en,
				Base,
			);
			mainGroup = 16CC3BD02984F43C00B881D2;
			productRefGroup = 16CC3BDA2984F43C00B881D2 /* Products */;
			projectDirPath = "";
			projectRoot = "";
			targets = (
				16CC3BD82984F43C00B881D2 /* LotteryTicket */,
			);
		};
/* End PBXProject section */

/* Begin PBXResourcesBuildPhase section */
		16CC3BD72984F43C00B881D2 /* Resources */ = {
			isa = PBXResourcesBuildPhase;
			buildActionMask = 2147483647;
			files = (
				16CC3BE92984F43E00B881D2 /* LaunchScreen.storyboard in Resources */,
				16CC3BE62984F43E00B881D2 /* Assets.xcassets in Resources */,
				16BC162729933D34000BA943 /* folder_config.plist in Resources */,
				16CC3BE42984F43C00B881D2 /* Main.storyboard in Resources */,
			);
			runOnlyForDeploymentPostprocessing = 0;
		};
/* End PBXResourcesBuildPhase section */

/* Begin PBXSourcesBuildPhase section */
		16CC3BD52984F43C00B881D2 /* Sources */ = {
			isa = PBXSourcesBuildPhase;
			buildActionMask = 2147483647;
			files = (
				16CC3CA3298523FF00B881D2 /* ConstraintRelation.swift in Sources */,
				16CC3CA1298523FF00B881D2 /* ConstraintMakerEditable.swift in Sources */,
				16CC3CAE298523FF00B881D2 /* ConstraintMakerRelatable.swift in Sources */,
				16BC146B298BB68E000BA943 /* LTResultListNavBarView.swift in Sources */,
				16CC3C8C298523FE00B881D2 /* ConstraintMakerPrioritizable.swift in Sources */,
				16CC3CA9298523FF00B881D2 /* ConstraintRelatableTarget.swift in Sources */,
				16CC3CA6298523FF00B881D2 /* ConstraintItem.swift in Sources */,
				16CC3CAB298523FF00B881D2 /* ConstraintLayoutGuide+Extensions.swift in Sources */,
				16CC3C9D298523FE00B881D2 /* ConstraintLayoutSupport.swift in Sources */,
				16CC3C8E298523FE00B881D2 /* ConstraintAttributes.swift in Sources */,
				16CC3CA4298523FF00B881D2 /* ConstraintLayoutGuideDSL.swift in Sources */,
				16CC3C8A298523FE00B881D2 /* ConstraintMultiplierTarget.swift in Sources */,
				16CC3CD2298535DD00B881D2 /* LTHomeBottomTabView.swift in Sources */,
				16CC3CA0298523FF00B881D2 /* ConstraintOffsetTarget.swift in Sources */,
				16CC3C94298523FE00B881D2 /* ConstraintMakerExtendable.swift in Sources */,
				16BC162129924900000BA943 /* LTFolderItemCell.swift in Sources */,
				16CC3C592984FADB00B881D2 /* LTHomeViewController.swift in Sources */,
				16CC3C96298523FE00B881D2 /* ConstraintInsetTarget.swift in Sources */,
				16BC146E298BCBA9000BA943 /* Toast.swift in Sources */,
				16CC3CDB298654C800B881D2 /* UIColor+Extension.swift in Sources */,
				16CC3CA8298523FF00B881D2 /* Debugging.swift in Sources */,
				16B4EF8F299A3CB80058B8CE /* String+Extension.swift in Sources */,
				16CC3CA2298523FF00B881D2 /* ConstraintMaker.swift in Sources */,
				16CC3C8B298523FE00B881D2 /* LayoutConstraintItem.swift in Sources */,
				16CC3CA5298523FF00B881D2 /* ConstraintView+Extensions.swift in Sources */,
				16FDB4C92989153B00BFAD9D /* LTDataSourceViewModel.swift in Sources */,
				16CC3C9E298523FE00B881D2 /* Typealiases.swift in Sources */,
				16CC3C97298523FE00B881D2 /* ConstraintDirectionalInsetTarget.swift in Sources */,
				16CC3C98298523FE00B881D2 /* ConstraintMakerRelatable+Extensions.swift in Sources */,
				16CC3CA7298523FF00B881D2 /* Constraint.swift in Sources */,
				16620462298B62C600FDE166 /* LTResultDataModel.swift in Sources */,
				16CC3CD62986191A00B881D2 /* CMGradientView.swift in Sources */,
				16CC3C9B298523FE00B881D2 /* ConstraintView.swift in Sources */,
				16CC3C91298523FE00B881D2 /* ConstraintInsets.swift in Sources */,
				16B4EF8D29964D650058B8CE /* LTResultOperationView.swift in Sources */,
				1662043E298A683600FDE166 /* LTResultListViewController.swift in Sources */,
				16CC3C9A298523FE00B881D2 /* UILayoutSupport+Extensions.swift in Sources */,
				1662043C298A643000FDE166 /* LTDLTResultView.swift in Sources */,
				16CC3BDD2984F43C00B881D2 /* AppDelegate.swift in Sources */,
				16BC16AC299372C9000BA943 /* LTFolderViewModel.swift in Sources */,
				16CC3C8D298523FE00B881D2 /* ConstraintDescription.swift in Sources */,
				16BC16AA2993727E000BA943 /* LTFolderItemModel.swift in Sources */,
				16CC3CAC298523FF00B881D2 /* ConstraintDirectionalInsets.swift in Sources */,
				16CC3C90298523FE00B881D2 /* ConstraintPriorityTarget.swift in Sources */,
				16CC3C9F298523FE00B881D2 /* ConstraintConstantTarget.swift in Sources */,
				16CC3C93298523FE00B881D2 /* ConstraintDSL.swift in Sources */,
				16CC3D012988A7E900B881D2 /* CMConst.swift in Sources */,
				1662043A298A5D6800FDE166 /* LTSSQResultView.swift in Sources */,
				16CC3C95298523FE00B881D2 /* ConstraintPriority.swift in Sources */,
				16CC3C9C298523FE00B881D2 /* ConstraintLayoutGuide.swift in Sources */,
				16CC3C552984F9F700B881D2 /* LTMainViewController.swift in Sources */,
				16BC1470298CA819000BA943 /* LTToolsFolderView.swift in Sources */,
				16CC3CAA298523FF00B881D2 /* LayoutConstraint.swift in Sources */,
				16CC3CFF29867E2900B881D2 /* LTHomeNavBarView.swift in Sources */,
				16CC3CAD298523FF00B881D2 /* ConstraintLayoutSupportDSL.swift in Sources */,
				16CC3C99298523FE00B881D2 /* ConstraintConfig.swift in Sources */,
				16CC3C92298523FE00B881D2 /* ConstraintMakerFinalizable.swift in Sources */,
				16CC3C8F298523FE00B881D2 /* ConstraintViewDSL.swift in Sources */,
				16B4EF94299B2BB30058B8CE /* LTDatabaseManager.swift in Sources */,
				16BC1447298B92D5000BA943 /* LTResultItemCell.swift in Sources */,
			);
			runOnlyForDeploymentPostprocessing = 0;
		};
/* End PBXSourcesBuildPhase section */

/* Begin PBXVariantGroup section */
		16CC3BE22984F43C00B881D2 /* Main.storyboard */ = {
			isa = PBXVariantGroup;
			children = (
				16CC3BE32984F43C00B881D2 /* Base */,
			);
			name = Main.storyboard;
			sourceTree = "<group>";
		};
		16CC3BE72984F43E00B881D2 /* LaunchScreen.storyboard */ = {
			isa = PBXVariantGroup;
			children = (
				16CC3BE82984F43E00B881D2 /* Base */,
			);
			name = LaunchScreen.storyboard;
			sourceTree = "<group>";
		};
/* End PBXVariantGroup section */

/* Begin XCBuildConfiguration section */
		16CC3BEB2984F43E00B881D2 /* Debug */ = {
			isa = XCBuildConfiguration;
			buildSettings = {
				ALWAYS_SEARCH_USER_PATHS = NO;
				CLANG_ANALYZER_NONNULL = YES;
				CLANG_ANALYZER_NUMBER_OBJECT_CONVERSION = YES_AGGRESSIVE;
				CLANG_CXX_LANGUAGE_STANDARD = "gnu++20";
				CLANG_ENABLE_MODULES = YES;
				CLANG_ENABLE_OBJC_ARC = YES;
				CLANG_ENABLE_OBJC_WEAK = YES;
				CLANG_WARN_BLOCK_CAPTURE_AUTORELEASING = YES;
				CLANG_WARN_BOOL_CONVERSION = YES;
				CLANG_WARN_COMMA = YES;
				CLANG_WARN_CONSTANT_CONVERSION = YES;
				CLANG_WARN_DEPRECATED_OBJC_IMPLEMENTATIONS = YES;
				CLANG_WARN_DIRECT_OBJC_ISA_USAGE = YES_ERROR;
				CLANG_WARN_DOCUMENTATION_COMMENTS = YES;
				CLANG_WARN_EMPTY_BODY = YES;
				CLANG_WARN_ENUM_CONVERSION = YES;
				CLANG_WARN_INFINITE_RECURSION = YES;
				CLANG_WARN_INT_CONVERSION = YES;
				CLANG_WARN_NON_LITERAL_NULL_CONVERSION = YES;
				CLANG_WARN_OBJC_IMPLICIT_RETAIN_SELF = YES;
				CLANG_WARN_OBJC_LITERAL_CONVERSION = YES;
				CLANG_WARN_OBJC_ROOT_CLASS = YES_ERROR;
				CLANG_WARN_QUOTED_INCLUDE_IN_FRAMEWORK_HEADER = YES;
				CLANG_WARN_RANGE_LOOP_ANALYSIS = YES;
				CLANG_WARN_STRICT_PROTOTYPES = YES;
				CLANG_WARN_SUSPICIOUS_MOVE = YES;
				CLANG_WARN_UNGUARDED_AVAILABILITY = YES_AGGRESSIVE;
				CLANG_WARN_UNREACHABLE_CODE = YES;
				CLANG_WARN__DUPLICATE_METHOD_MATCH = YES;
				COPY_PHASE_STRIP = NO;
				DEBUG_INFORMATION_FORMAT = dwarf;
				ENABLE_STRICT_OBJC_MSGSEND = YES;
				ENABLE_TESTABILITY = YES;
				GCC_C_LANGUAGE_STANDARD = gnu11;
				GCC_DYNAMIC_NO_PIC = NO;
				GCC_NO_COMMON_BLOCKS = YES;
				GCC_OPTIMIZATION_LEVEL = 0;
				GCC_PREPROCESSOR_DEFINITIONS = (
					"DEBUG=1",
					"$(inherited)",
				);
				GCC_WARN_64_TO_32_BIT_CONVERSION = YES;
				GCC_WARN_ABOUT_RETURN_TYPE = YES_ERROR;
				GCC_WARN_UNDECLARED_SELECTOR = YES;
				GCC_WARN_UNINITIALIZED_AUTOS = YES_AGGRESSIVE;
				GCC_WARN_UNUSED_FUNCTION = YES;
				GCC_WARN_UNUSED_VARIABLE = YES;
				IPHONEOS_DEPLOYMENT_TARGET = 16.2;
				MTL_ENABLE_DEBUG_INFO = INCLUDE_SOURCE;
				MTL_FAST_MATH = YES;
				ONLY_ACTIVE_ARCH = YES;
				SDKROOT = iphoneos;
				SWIFT_ACTIVE_COMPILATION_CONDITIONS = DEBUG;
				SWIFT_OPTIMIZATION_LEVEL = "-Onone";
			};
			name = Debug;
		};
		16CC3BEC2984F43E00B881D2 /* Release */ = {
			isa = XCBuildConfiguration;
			buildSettings = {
				ALWAYS_SEARCH_USER_PATHS = NO;
				CLANG_ANALYZER_NONNULL = YES;
				CLANG_ANALYZER_NUMBER_OBJECT_CONVERSION = YES_AGGRESSIVE;
				CLANG_CXX_LANGUAGE_STANDARD = "gnu++20";
				CLANG_ENABLE_MODULES = YES;
				CLANG_ENABLE_OBJC_ARC = YES;
				CLANG_ENABLE_OBJC_WEAK = YES;
				CLANG_WARN_BLOCK_CAPTURE_AUTORELEASING = YES;
				CLANG_WARN_BOOL_CONVERSION = YES;
				CLANG_WARN_COMMA = YES;
				CLANG_WARN_CONSTANT_CONVERSION = YES;
				CLANG_WARN_DEPRECATED_OBJC_IMPLEMENTATIONS = YES;
				CLANG_WARN_DIRECT_OBJC_ISA_USAGE = YES_ERROR;
				CLANG_WARN_DOCUMENTATION_COMMENTS = YES;
				CLANG_WARN_EMPTY_BODY = YES;
				CLANG_WARN_ENUM_CONVERSION = YES;
				CLANG_WARN_INFINITE_RECURSION = YES;
				CLANG_WARN_INT_CONVERSION = YES;
				CLANG_WARN_NON_LITERAL_NULL_CONVERSION = YES;
				CLANG_WARN_OBJC_IMPLICIT_RETAIN_SELF = YES;
				CLANG_WARN_OBJC_LITERAL_CONVERSION = YES;
				CLANG_WARN_OBJC_ROOT_CLASS = YES_ERROR;
				CLANG_WARN_QUOTED_INCLUDE_IN_FRAMEWORK_HEADER = YES;
				CLANG_WARN_RANGE_LOOP_ANALYSIS = YES;
				CLANG_WARN_STRICT_PROTOTYPES = YES;
				CLANG_WARN_SUSPICIOUS_MOVE = YES;
				CLANG_WARN_UNGUARDED_AVAILABILITY = YES_AGGRESSIVE;
				CLANG_WARN_UNREACHABLE_CODE = YES;
				CLANG_WARN__DUPLICATE_METHOD_MATCH = YES;
				COPY_PHASE_STRIP = NO;
				DEBUG_INFORMATION_FORMAT = "dwarf-with-dsym";
				ENABLE_NS_ASSERTIONS = NO;
				ENABLE_STRICT_OBJC_MSGSEND = YES;
				GCC_C_LANGUAGE_STANDARD = gnu11;
				GCC_NO_COMMON_BLOCKS = YES;
				GCC_WARN_64_TO_32_BIT_CONVERSION = YES;
				GCC_WARN_ABOUT_RETURN_TYPE = YES_ERROR;
				GCC_WARN_UNDECLARED_SELECTOR = YES;
				GCC_WARN_UNINITIALIZED_AUTOS = YES_AGGRESSIVE;
				GCC_WARN_UNUSED_FUNCTION = YES;
				GCC_WARN_UNUSED_VARIABLE = YES;
				IPHONEOS_DEPLOYMENT_TARGET = 16.2;
				MTL_ENABLE_DEBUG_INFO = NO;
				MTL_FAST_MATH = YES;
				SDKROOT = iphoneos;
				SWIFT_COMPILATION_MODE = wholemodule;
				SWIFT_OPTIMIZATION_LEVEL = "-O";
				VALIDATE_PRODUCT = YES;
			};
			name = Release;
		};
		16CC3BEE2984F43E00B881D2 /* Debug */ = {
			isa = XCBuildConfiguration;
			buildSettings = {
				ASSETCATALOG_COMPILER_APPICON_NAME = AppIcon;
				ASSETCATALOG_COMPILER_GLOBAL_ACCENT_COLOR_NAME = AccentColor;
				CODE_SIGN_STYLE = Automatic;
				CURRENT_PROJECT_VERSION = 1;
				DEBUG_INFORMATION_FORMAT = "dwarf-with-dsym";
				DEVELOPMENT_TEAM = PG2T324LHX;
				GENERATE_INFOPLIST_FILE = YES;
				INFOPLIST_FILE = LotteryTicket/Info.plist;
				INFOPLIST_KEY_UIApplicationSupportsIndirectInputEvents = YES;
				INFOPLIST_KEY_UILaunchStoryboardName = LaunchScreen;
				INFOPLIST_KEY_UISupportedInterfaceOrientations_iPad = "UIInterfaceOrientationPortrait UIInterfaceOrientationPortraitUpsideDown UIInterfaceOrientationLandscapeLeft UIInterfaceOrientationLandscapeRight";
				INFOPLIST_KEY_UISupportedInterfaceOrientations_iPhone = "UIInterfaceOrientationPortrait UIInterfaceOrientationLandscapeLeft UIInterfaceOrientationLandscapeRight";
				IPHONEOS_DEPLOYMENT_TARGET = 11.0;
				LD_RUNPATH_SEARCH_PATHS = (
					"$(inherited)",
					"@executable_path/Frameworks",
				);
				MARKETING_VERSION = 1.0;
				PRODUCT_BUNDLE_IDENTIFIER = com.jrayln.LotteryTicket;
				PRODUCT_NAME = "$(TARGET_NAME)";
				SWIFT_EMIT_LOC_STRINGS = YES;
				SWIFT_VERSION = 5.0;
				TARGETED_DEVICE_FAMILY = "1,2";
			};
			name = Debug;
		};
		16CC3BEF2984F43E00B881D2 /* Release */ = {
			isa = XCBuildConfiguration;
			buildSettings = {
				ASSETCATALOG_COMPILER_APPICON_NAME = AppIcon;
				ASSETCATALOG_COMPILER_GLOBAL_ACCENT_COLOR_NAME = AccentColor;
				CODE_SIGN_STYLE = Automatic;
				CURRENT_PROJECT_VERSION = 1;
				DEVELOPMENT_TEAM = PG2T324LHX;
				GENERATE_INFOPLIST_FILE = YES;
				INFOPLIST_FILE = LotteryTicket/Info.plist;
				INFOPLIST_KEY_UIApplicationSupportsIndirectInputEvents = YES;
				INFOPLIST_KEY_UILaunchStoryboardName = LaunchScreen;
				INFOPLIST_KEY_UISupportedInterfaceOrientations_iPad = "UIInterfaceOrientationPortrait UIInterfaceOrientationPortraitUpsideDown UIInterfaceOrientationLandscapeLeft UIInterfaceOrientationLandscapeRight";
				INFOPLIST_KEY_UISupportedInterfaceOrientations_iPhone = "UIInterfaceOrientationPortrait UIInterfaceOrientationLandscapeLeft UIInterfaceOrientationLandscapeRight";
				IPHONEOS_DEPLOYMENT_TARGET = 11.0;
				LD_RUNPATH_SEARCH_PATHS = (
					"$(inherited)",
					"@executable_path/Frameworks",
				);
				MARKETING_VERSION = 1.0;
				PRODUCT_BUNDLE_IDENTIFIER = com.jrayln.LotteryTicket;
				PRODUCT_NAME = "$(TARGET_NAME)";
				SWIFT_EMIT_LOC_STRINGS = YES;
				SWIFT_VERSION = 5.0;
				TARGETED_DEVICE_FAMILY = "1,2";
			};
			name = Release;
		};
/* End XCBuildConfiguration section */

/* Begin XCConfigurationList section */
		16CC3BD42984F43C00B881D2 /* Build configuration list for PBXProject "LotteryTicket" */ = {
			isa = XCConfigurationList;
			buildConfigurations = (
				16CC3BEB2984F43E00B881D2 /* Debug */,
				16CC3BEC2984F43E00B881D2 /* Release */,
			);
			defaultConfigurationIsVisible = 0;
			defaultConfigurationName = Release;
		};
		16CC3BED2984F43E00B881D2 /* Build configuration list for PBXNativeTarget "LotteryTicket" */ = {
			isa = XCConfigurationList;
			buildConfigurations = (
				16CC3BEE2984F43E00B881D2 /* Debug */,
				16CC3BEF2984F43E00B881D2 /* Release */,
			);
			defaultConfigurationIsVisible = 0;
			defaultConfigurationName = Release;
		};
/* End XCConfigurationList section */
	};
	rootObject = 16CC3BD12984F43C00B881D2 /* Project object */;
}
